// !$*UTF8*$!
{
	archiveVersion = 1;
	classes = {
	};
	objectVersion = 55;
	objects = {

/* Begin PBXBuildFile section */
		4002A469289312A60052CEDB /* SceneDelegateTests.swift in Sources */ = {isa = PBXBuildFile; fileRef = 4002A468289312A60052CEDB /* SceneDelegateTests.swift */; };
		40D666E82879546300E2151B /* AppDelegate.swift in Sources */ = {isa = PBXBuildFile; fileRef = 40D666E72879546300E2151B /* AppDelegate.swift */; };
		40D666EA2879546300E2151B /* SceneDelegate.swift in Sources */ = {isa = PBXBuildFile; fileRef = 40D666E92879546300E2151B /* SceneDelegate.swift */; };
		40D666EC2879546300E2151B /* ViewController.swift in Sources */ = {isa = PBXBuildFile; fileRef = 40D666EB2879546300E2151B /* ViewController.swift */; };
		40D666EF2879546300E2151B /* Main.storyboard in Resources */ = {isa = PBXBuildFile; fileRef = 40D666ED2879546300E2151B /* Main.storyboard */; };
		40D666F12879546500E2151B /* Assets.xcassets in Resources */ = {isa = PBXBuildFile; fileRef = 40D666F02879546500E2151B /* Assets.xcassets */; };
		40D666F42879546500E2151B /* LaunchScreen.storyboard in Resources */ = {isa = PBXBuildFile; fileRef = 40D666F22879546500E2151B /* LaunchScreen.storyboard */; };
		40D666FF2879546500E2151B /* EssentialAppTests.swift in Sources */ = {isa = PBXBuildFile; fileRef = 40D666FE2879546500E2151B /* EssentialAppTests.swift */; };
		40D6671A287957DD00E2151B /* EssentialFeed.framework in Frameworks */ = {isa = PBXBuildFile; fileRef = 40D66718287957DD00E2151B /* EssentialFeed.framework */; };
		40D6671B287957DD00E2151B /* EssentialFeed.framework in Embed Frameworks */ = {isa = PBXBuildFile; fileRef = 40D66718287957DD00E2151B /* EssentialFeed.framework */; settings = {ATTRIBUTES = (CodeSignOnCopy, RemoveHeadersOnCopy, ); }; };
		40D6671C287957DD00E2151B /* EssentialFeediOS.framework in Frameworks */ = {isa = PBXBuildFile; fileRef = 40D66719287957DD00E2151B /* EssentialFeediOS.framework */; };
		40D6671D287957DD00E2151B /* EssentialFeediOS.framework in Embed Frameworks */ = {isa = PBXBuildFile; fileRef = 40D66719287957DD00E2151B /* EssentialFeediOS.framework */; settings = {ATTRIBUTES = (CodeSignOnCopy, RemoveHeadersOnCopy, ); }; };
		40FF429F28908A4100E0EC40 /* DebuggingSceneDelegate.swift in Sources */ = {isa = PBXBuildFile; fileRef = 40FF429E28908A4100E0EC40 /* DebuggingSceneDelegate.swift */; };
		8400A78F2885519300EE9C46 /* FeedLoaderCacheDecorator.swift in Sources */ = {isa = PBXBuildFile; fileRef = 8400A78E2885519300EE9C46 /* FeedLoaderCacheDecorator.swift */; };
		8400A791288552D400EE9C46 /* FeedImageDataLoaderCacheDecoratorTests.swift in Sources */ = {isa = PBXBuildFile; fileRef = 8400A790288552D400EE9C46 /* FeedImageDataLoaderCacheDecoratorTests.swift */; };
		8400A7932887408600EE9C46 /* FeedImageDataLoaderTestCase.swift in Sources */ = {isa = PBXBuildFile; fileRef = 8400A7922887408600EE9C46 /* FeedImageDataLoaderTestCase.swift */; };
		8400A795288742EE00EE9C46 /* FeedImageDataLoaderSpy.swift in Sources */ = {isa = PBXBuildFile; fileRef = 8400A794288742EE00EE9C46 /* FeedImageDataLoaderSpy.swift */; };
		8400A79728874BB400EE9C46 /* FeedImageDataLoaderCacheDecorator.swift in Sources */ = {isa = PBXBuildFile; fileRef = 8400A79628874BB400EE9C46 /* FeedImageDataLoaderCacheDecorator.swift */; };
		845550942889E9820043F5FE /* EssentialAppUIAcceptanceTests.swift in Sources */ = {isa = PBXBuildFile; fileRef = 845550932889E9820043F5FE /* EssentialAppUIAcceptanceTests.swift */; };
		846F312128846AA80024C230 /* FeedLoaderCacheDecoratorTests.swift in Sources */ = {isa = PBXBuildFile; fileRef = 846F312028846AA80024C230 /* FeedLoaderCacheDecoratorTests.swift */; };
		846F312328846DE70024C230 /* FeedLoaderStub.swift in Sources */ = {isa = PBXBuildFile; fileRef = 846F312228846DE70024C230 /* FeedLoaderStub.swift */; };
		846F312528853C430024C230 /* FeedLoaderTestCase.swift in Sources */ = {isa = PBXBuildFile; fileRef = 846F312428853C430024C230 /* FeedLoaderTestCase.swift */; };
		84F5FE832883126500AA82AE /* FeedLoaderWithFallbackCompositeTests.swift in Sources */ = {isa = PBXBuildFile; fileRef = 84F5FE822883126500AA82AE /* FeedLoaderWithFallbackCompositeTests.swift */; };
		84F5FE852883208600AA82AE /* FeedLoaderWithFallbackComposite.swift in Sources */ = {isa = PBXBuildFile; fileRef = 84F5FE842883208500AA82AE /* FeedLoaderWithFallbackComposite.swift */; };
		84F5FE872883223B00AA82AE /* FeedImageLoaderWithFallbackCompositeTests.swift in Sources */ = {isa = PBXBuildFile; fileRef = 84F5FE862883223B00AA82AE /* FeedImageLoaderWithFallbackCompositeTests.swift */; };
		84F5FE8A2883229E00AA82AE /* Helpers.swift in Sources */ = {isa = PBXBuildFile; fileRef = 84F5FE892883229E00AA82AE /* Helpers.swift */; };
		84F5FE8C288322C700AA82AE /* XCTTestCase+TrackForMemoryLeaks.swift in Sources */ = {isa = PBXBuildFile; fileRef = 84F5FE8B288322C700AA82AE /* XCTTestCase+TrackForMemoryLeaks.swift */; };
		84F5FE90288346DB00AA82AE /* FeedImageLoaderWithFallbackComposite.swift in Sources */ = {isa = PBXBuildFile; fileRef = 84F5FE8F288346DB00AA82AE /* FeedImageLoaderWithFallbackComposite.swift */; };
/* End PBXBuildFile section */

/* Begin PBXContainerItemProxy section */
		40D666FB2879546500E2151B /* PBXContainerItemProxy */ = {
			isa = PBXContainerItemProxy;
			containerPortal = 40D666DC2879546300E2151B /* Project object */;
			proxyType = 1;
			remoteGlobalIDString = 40D666E32879546300E2151B;
			remoteInfo = EssentialApp;
		};
		845550972889E9820043F5FE /* PBXContainerItemProxy */ = {
			isa = PBXContainerItemProxy;
			containerPortal = 40D666DC2879546300E2151B /* Project object */;
			proxyType = 1;
			remoteGlobalIDString = 40D666E32879546300E2151B;
			remoteInfo = EssentialApp;
		};
/* End PBXContainerItemProxy section */

/* Begin PBXCopyFilesBuildPhase section */
		40D6671E287957DE00E2151B /* Embed Frameworks */ = {
			isa = PBXCopyFilesBuildPhase;
			buildActionMask = 2147483647;
			dstPath = "";
			dstSubfolderSpec = 10;
			files = (
				40D6671B287957DD00E2151B /* EssentialFeed.framework in Embed Frameworks */,
				40D6671D287957DD00E2151B /* EssentialFeediOS.framework in Embed Frameworks */,
			);
			name = "Embed Frameworks";
			runOnlyForDeploymentPostprocessing = 0;
		};
/* End PBXCopyFilesBuildPhase section */

/* Begin PBXFileReference section */
		4002A468289312A60052CEDB /* SceneDelegateTests.swift */ = {isa = PBXFileReference; lastKnownFileType = sourcecode.swift; path = SceneDelegateTests.swift; sourceTree = "<group>"; };
		40D666E42879546300E2151B /* EssentialApp.app */ = {isa = PBXFileReference; explicitFileType = wrapper.application; includeInIndex = 0; path = EssentialApp.app; sourceTree = BUILT_PRODUCTS_DIR; };
		40D666E72879546300E2151B /* AppDelegate.swift */ = {isa = PBXFileReference; lastKnownFileType = sourcecode.swift; path = AppDelegate.swift; sourceTree = "<group>"; };
		40D666E92879546300E2151B /* SceneDelegate.swift */ = {isa = PBXFileReference; lastKnownFileType = sourcecode.swift; path = SceneDelegate.swift; sourceTree = "<group>"; };
		40D666EB2879546300E2151B /* ViewController.swift */ = {isa = PBXFileReference; lastKnownFileType = sourcecode.swift; path = ViewController.swift; sourceTree = "<group>"; };
		40D666EE2879546300E2151B /* Base */ = {isa = PBXFileReference; lastKnownFileType = file.storyboard; name = Base; path = Base.lproj/Main.storyboard; sourceTree = "<group>"; };
		40D666F02879546500E2151B /* Assets.xcassets */ = {isa = PBXFileReference; lastKnownFileType = folder.assetcatalog; path = Assets.xcassets; sourceTree = "<group>"; };
		40D666F32879546500E2151B /* Base */ = {isa = PBXFileReference; lastKnownFileType = file.storyboard; name = Base; path = Base.lproj/LaunchScreen.storyboard; sourceTree = "<group>"; };
		40D666F52879546500E2151B /* Info.plist */ = {isa = PBXFileReference; lastKnownFileType = text.plist.xml; path = Info.plist; sourceTree = "<group>"; };
		40D666FA2879546500E2151B /* EssentialAppTests.xctest */ = {isa = PBXFileReference; explicitFileType = wrapper.cfbundle; includeInIndex = 0; path = EssentialAppTests.xctest; sourceTree = BUILT_PRODUCTS_DIR; };
		40D666FE2879546500E2151B /* EssentialAppTests.swift */ = {isa = PBXFileReference; lastKnownFileType = sourcecode.swift; path = EssentialAppTests.swift; sourceTree = "<group>"; };
		40D667082879546500E2151B /* EssentialAppUITests.swift */ = {isa = PBXFileReference; lastKnownFileType = sourcecode.swift; path = EssentialAppUITests.swift; sourceTree = "<group>"; };
		40D6670A2879546500E2151B /* EssentialAppUITestsLaunchTests.swift */ = {isa = PBXFileReference; lastKnownFileType = sourcecode.swift; path = EssentialAppUITestsLaunchTests.swift; sourceTree = "<group>"; };
		40D66718287957DD00E2151B /* EssentialFeed.framework */ = {isa = PBXFileReference; explicitFileType = wrapper.framework; path = EssentialFeed.framework; sourceTree = BUILT_PRODUCTS_DIR; };
		40D66719287957DD00E2151B /* EssentialFeediOS.framework */ = {isa = PBXFileReference; explicitFileType = wrapper.framework; path = EssentialFeediOS.framework; sourceTree = BUILT_PRODUCTS_DIR; };
		40FF429E28908A4100E0EC40 /* DebuggingSceneDelegate.swift */ = {isa = PBXFileReference; lastKnownFileType = sourcecode.swift; path = DebuggingSceneDelegate.swift; sourceTree = "<group>"; };
		8400A78E2885519300EE9C46 /* FeedLoaderCacheDecorator.swift */ = {isa = PBXFileReference; lastKnownFileType = sourcecode.swift; path = FeedLoaderCacheDecorator.swift; sourceTree = "<group>"; };
		8400A790288552D400EE9C46 /* FeedImageDataLoaderCacheDecoratorTests.swift */ = {isa = PBXFileReference; lastKnownFileType = sourcecode.swift; path = FeedImageDataLoaderCacheDecoratorTests.swift; sourceTree = "<group>"; };
		8400A7922887408600EE9C46 /* FeedImageDataLoaderTestCase.swift */ = {isa = PBXFileReference; lastKnownFileType = sourcecode.swift; path = FeedImageDataLoaderTestCase.swift; sourceTree = "<group>"; };
		8400A794288742EE00EE9C46 /* FeedImageDataLoaderSpy.swift */ = {isa = PBXFileReference; lastKnownFileType = sourcecode.swift; path = FeedImageDataLoaderSpy.swift; sourceTree = "<group>"; };
		8400A79628874BB400EE9C46 /* FeedImageDataLoaderCacheDecorator.swift */ = {isa = PBXFileReference; lastKnownFileType = sourcecode.swift; path = FeedImageDataLoaderCacheDecorator.swift; sourceTree = "<group>"; };
		845550912889E9820043F5FE /* EssentialAppUIAcceptanceTests.xctest */ = {isa = PBXFileReference; explicitFileType = wrapper.cfbundle; includeInIndex = 0; path = EssentialAppUIAcceptanceTests.xctest; sourceTree = BUILT_PRODUCTS_DIR; };
		845550932889E9820043F5FE /* EssentialAppUIAcceptanceTests.swift */ = {isa = PBXFileReference; lastKnownFileType = sourcecode.swift; path = EssentialAppUIAcceptanceTests.swift; sourceTree = "<group>"; };
		846F312028846AA80024C230 /* FeedLoaderCacheDecoratorTests.swift */ = {isa = PBXFileReference; lastKnownFileType = sourcecode.swift; path = FeedLoaderCacheDecoratorTests.swift; sourceTree = "<group>"; };
		846F312228846DE70024C230 /* FeedLoaderStub.swift */ = {isa = PBXFileReference; lastKnownFileType = sourcecode.swift; path = FeedLoaderStub.swift; sourceTree = "<group>"; };
		846F312428853C430024C230 /* FeedLoaderTestCase.swift */ = {isa = PBXFileReference; lastKnownFileType = sourcecode.swift; path = FeedLoaderTestCase.swift; sourceTree = "<group>"; };
		84F5FE822883126500AA82AE /* FeedLoaderWithFallbackCompositeTests.swift */ = {isa = PBXFileReference; lastKnownFileType = sourcecode.swift; path = FeedLoaderWithFallbackCompositeTests.swift; sourceTree = "<group>"; };
		84F5FE842883208500AA82AE /* FeedLoaderWithFallbackComposite.swift */ = {isa = PBXFileReference; lastKnownFileType = sourcecode.swift; path = FeedLoaderWithFallbackComposite.swift; sourceTree = "<group>"; };
		84F5FE862883223B00AA82AE /* FeedImageLoaderWithFallbackCompositeTests.swift */ = {isa = PBXFileReference; lastKnownFileType = sourcecode.swift; path = FeedImageLoaderWithFallbackCompositeTests.swift; sourceTree = "<group>"; };
		84F5FE892883229E00AA82AE /* Helpers.swift */ = {isa = PBXFileReference; lastKnownFileType = sourcecode.swift; path = Helpers.swift; sourceTree = "<group>"; };
		84F5FE8B288322C700AA82AE /* XCTTestCase+TrackForMemoryLeaks.swift */ = {isa = PBXFileReference; lastKnownFileType = sourcecode.swift; path = "XCTTestCase+TrackForMemoryLeaks.swift"; sourceTree = "<group>"; };
		84F5FE8F288346DB00AA82AE /* FeedImageLoaderWithFallbackComposite.swift */ = {isa = PBXFileReference; lastKnownFileType = sourcecode.swift; path = FeedImageLoaderWithFallbackComposite.swift; sourceTree = "<group>"; };
/* End PBXFileReference section */

/* Begin PBXFrameworksBuildPhase section */
		40D666E12879546300E2151B /* Frameworks */ = {
			isa = PBXFrameworksBuildPhase;
			buildActionMask = 2147483647;
			files = (
				40D6671A287957DD00E2151B /* EssentialFeed.framework in Frameworks */,
				40D6671C287957DD00E2151B /* EssentialFeediOS.framework in Frameworks */,
			);
			runOnlyForDeploymentPostprocessing = 0;
		};
		40D666F72879546500E2151B /* Frameworks */ = {
			isa = PBXFrameworksBuildPhase;
			buildActionMask = 2147483647;
			files = (
			);
			runOnlyForDeploymentPostprocessing = 0;
		};
		8455508E2889E9820043F5FE /* Frameworks */ = {
			isa = PBXFrameworksBuildPhase;
			buildActionMask = 2147483647;
			files = (
			);
			runOnlyForDeploymentPostprocessing = 0;
		};
/* End PBXFrameworksBuildPhase section */

/* Begin PBXGroup section */
		40D666DB2879546300E2151B = {
			isa = PBXGroup;
			children = (
				40D666E62879546300E2151B /* EssentialApp */,
				40D666FD2879546500E2151B /* EssentialAppTests */,
				40D667072879546500E2151B /* EssentialAppUITests */,
				845550922889E9820043F5FE /* EssentialAppUIAcceptanceTests */,
				40D666E52879546300E2151B /* Products */,
				40D66717287957DD00E2151B /* Frameworks */,
			);
			sourceTree = "<group>";
		};
		40D666E52879546300E2151B /* Products */ = {
			isa = PBXGroup;
			children = (
				40D666E42879546300E2151B /* EssentialApp.app */,
				40D666FA2879546500E2151B /* EssentialAppTests.xctest */,
				845550912889E9820043F5FE /* EssentialAppUIAcceptanceTests.xctest */,
			);
			name = Products;
			sourceTree = "<group>";
		};
		40D666E62879546300E2151B /* EssentialApp */ = {
			isa = PBXGroup;
			children = (
				40D666E72879546300E2151B /* AppDelegate.swift */,
				40FF429E28908A4100E0EC40 /* DebuggingSceneDelegate.swift */,
				8400A79628874BB400EE9C46 /* FeedImageDataLoaderCacheDecorator.swift */,
				84F5FE8F288346DB00AA82AE /* FeedImageLoaderWithFallbackComposite.swift */,
				8400A78E2885519300EE9C46 /* FeedLoaderCacheDecorator.swift */,
				84F5FE842883208500AA82AE /* FeedLoaderWithFallbackComposite.swift */,
				40D666E92879546300E2151B /* SceneDelegate.swift */,
				40D666EB2879546300E2151B /* ViewController.swift */,
				40D666ED2879546300E2151B /* Main.storyboard */,
				40D666F02879546500E2151B /* Assets.xcassets */,
				40D666F22879546500E2151B /* LaunchScreen.storyboard */,
				40D666F52879546500E2151B /* Info.plist */,
			);
			path = EssentialApp;
			sourceTree = "<group>";
		};
		40D666FD2879546500E2151B /* EssentialAppTests */ = {
			isa = PBXGroup;
			children = (
				84F5FE882883229000AA82AE /* Helpers */,
				40D666FE2879546500E2151B /* EssentialAppTests.swift */,
				84F5FE822883126500AA82AE /* FeedLoaderWithFallbackCompositeTests.swift */,
				84F5FE862883223B00AA82AE /* FeedImageLoaderWithFallbackCompositeTests.swift */,
				846F312028846AA80024C230 /* FeedLoaderCacheDecoratorTests.swift */,
				8400A790288552D400EE9C46 /* FeedImageDataLoaderCacheDecoratorTests.swift */,
				4002A468289312A60052CEDB /* SceneDelegateTests.swift */,
			);
			path = EssentialAppTests;
			sourceTree = "<group>";
		};
		40D667072879546500E2151B /* EssentialAppUITests */ = {
			isa = PBXGroup;
			children = (
				40D667082879546500E2151B /* EssentialAppUITests.swift */,
				40D6670A2879546500E2151B /* EssentialAppUITestsLaunchTests.swift */,
			);
			path = EssentialAppUITests;
			sourceTree = "<group>";
		};
		40D66717287957DD00E2151B /* Frameworks */ = {
			isa = PBXGroup;
			children = (
				40D66718287957DD00E2151B /* EssentialFeed.framework */,
				40D66719287957DD00E2151B /* EssentialFeediOS.framework */,
			);
			name = Frameworks;
			sourceTree = "<group>";
		};
		845550922889E9820043F5FE /* EssentialAppUIAcceptanceTests */ = {
			isa = PBXGroup;
			children = (
				845550932889E9820043F5FE /* EssentialAppUIAcceptanceTests.swift */,
			);
			path = EssentialAppUIAcceptanceTests;
			sourceTree = "<group>";
		};
		84F5FE882883229000AA82AE /* Helpers */ = {
			isa = PBXGroup;
			children = (
				8400A7922887408600EE9C46 /* FeedImageDataLoaderTestCase.swift */,
				846F312228846DE70024C230 /* FeedLoaderStub.swift */,
				846F312428853C430024C230 /* FeedLoaderTestCase.swift */,
				84F5FE892883229E00AA82AE /* Helpers.swift */,
				84F5FE8B288322C700AA82AE /* XCTTestCase+TrackForMemoryLeaks.swift */,
				8400A794288742EE00EE9C46 /* FeedImageDataLoaderSpy.swift */,
			);
			path = Helpers;
			sourceTree = "<group>";
		};
/* End PBXGroup section */

/* Begin PBXNativeTarget section */
		40D666E32879546300E2151B /* EssentialApp */ = {
			isa = PBXNativeTarget;
			buildConfigurationList = 40D6670E2879546500E2151B /* Build configuration list for PBXNativeTarget "EssentialApp" */;
			buildPhases = (
				40D666E02879546300E2151B /* Sources */,
				40D666E12879546300E2151B /* Frameworks */,
				40D666E22879546300E2151B /* Resources */,
				40D6671E287957DE00E2151B /* Embed Frameworks */,
			);
			buildRules = (
			);
			dependencies = (
			);
			name = EssentialApp;
			productName = EssentialApp;
			productReference = 40D666E42879546300E2151B /* EssentialApp.app */;
			productType = "com.apple.product-type.application";
		};
		40D666F92879546500E2151B /* EssentialAppTests */ = {
			isa = PBXNativeTarget;
			buildConfigurationList = 40D667112879546500E2151B /* Build configuration list for PBXNativeTarget "EssentialAppTests" */;
			buildPhases = (
				40D666F62879546500E2151B /* Sources */,
				40D666F72879546500E2151B /* Frameworks */,
				40D666F82879546500E2151B /* Resources */,
			);
			buildRules = (
			);
			dependencies = (
				40D666FC2879546500E2151B /* PBXTargetDependency */,
			);
			name = EssentialAppTests;
			productName = EssentialAppTests;
			productReference = 40D666FA2879546500E2151B /* EssentialAppTests.xctest */;
			productType = "com.apple.product-type.bundle.unit-test";
		};
		845550902889E9820043F5FE /* EssentialAppUIAcceptanceTests */ = {
			isa = PBXNativeTarget;
			buildConfigurationList = 845550992889E9820043F5FE /* Build configuration list for PBXNativeTarget "EssentialAppUIAcceptanceTests" */;
			buildPhases = (
				8455508D2889E9820043F5FE /* Sources */,
				8455508E2889E9820043F5FE /* Frameworks */,
				8455508F2889E9820043F5FE /* Resources */,
			);
			buildRules = (
			);
			dependencies = (
				845550982889E9820043F5FE /* PBXTargetDependency */,
			);
			name = EssentialAppUIAcceptanceTests;
			productName = EssentialAppUIAcceptanceTests;
			productReference = 845550912889E9820043F5FE /* EssentialAppUIAcceptanceTests.xctest */;
			productType = "com.apple.product-type.bundle.ui-testing";
		};
/* End PBXNativeTarget section */

/* Begin PBXProject section */
		40D666DC2879546300E2151B /* Project object */ = {
			isa = PBXProject;
			attributes = {
				BuildIndependentTargetsInParallel = 1;
				LastSwiftUpdateCheck = 1320;
				LastUpgradeCheck = 1340;
				TargetAttributes = {
					40D666E32879546300E2151B = {
						CreatedOnToolsVersion = 13.4.1;
					};
					40D666F92879546500E2151B = {
						CreatedOnToolsVersion = 13.4.1;
						TestTargetID = 40D666E32879546300E2151B;
					};
					845550902889E9820043F5FE = {
						CreatedOnToolsVersion = 13.2.1;
						TestTargetID = 40D666E32879546300E2151B;
					};
				};
			};
			buildConfigurationList = 40D666DF2879546300E2151B /* Build configuration list for PBXProject "EssentialApp" */;
			compatibilityVersion = "Xcode 13.0";
			developmentRegion = en;
			hasScannedForEncodings = 0;
			knownRegions = (
				en,
				Base,
			);
			mainGroup = 40D666DB2879546300E2151B;
			productRefGroup = 40D666E52879546300E2151B /* Products */;
			projectDirPath = "";
			projectRoot = "";
			targets = (
				40D666E32879546300E2151B /* EssentialApp */,
				40D666F92879546500E2151B /* EssentialAppTests */,
				845550902889E9820043F5FE /* EssentialAppUIAcceptanceTests */,
			);
		};
/* End PBXProject section */

/* Begin PBXResourcesBuildPhase section */
		40D666E22879546300E2151B /* Resources */ = {
			isa = PBXResourcesBuildPhase;
			buildActionMask = 2147483647;
			files = (
				40D666F42879546500E2151B /* LaunchScreen.storyboard in Resources */,
				40D666F12879546500E2151B /* Assets.xcassets in Resources */,
				40D666EF2879546300E2151B /* Main.storyboard in Resources */,
			);
			runOnlyForDeploymentPostprocessing = 0;
		};
		40D666F82879546500E2151B /* Resources */ = {
			isa = PBXResourcesBuildPhase;
			buildActionMask = 2147483647;
			files = (
			);
			runOnlyForDeploymentPostprocessing = 0;
		};
		8455508F2889E9820043F5FE /* Resources */ = {
			isa = PBXResourcesBuildPhase;
			buildActionMask = 2147483647;
			files = (
			);
			runOnlyForDeploymentPostprocessing = 0;
		};
/* End PBXResourcesBuildPhase section */

/* Begin PBXSourcesBuildPhase section */
		40D666E02879546300E2151B /* Sources */ = {
			isa = PBXSourcesBuildPhase;
			buildActionMask = 2147483647;
			files = (
				40D666EC2879546300E2151B /* ViewController.swift in Sources */,
				40D666E82879546300E2151B /* AppDelegate.swift in Sources */,
				84F5FE852883208600AA82AE /* FeedLoaderWithFallbackComposite.swift in Sources */,
				8400A78F2885519300EE9C46 /* FeedLoaderCacheDecorator.swift in Sources */,
				40FF429F28908A4100E0EC40 /* DebuggingSceneDelegate.swift in Sources */,
				40D666EA2879546300E2151B /* SceneDelegate.swift in Sources */,
				84F5FE90288346DB00AA82AE /* FeedImageLoaderWithFallbackComposite.swift in Sources */,
				8400A79728874BB400EE9C46 /* FeedImageDataLoaderCacheDecorator.swift in Sources */,
			);
			runOnlyForDeploymentPostprocessing = 0;
		};
		40D666F62879546500E2151B /* Sources */ = {
			isa = PBXSourcesBuildPhase;
			buildActionMask = 2147483647;
			files = (
				846F312528853C430024C230 /* FeedLoaderTestCase.swift in Sources */,
				84F5FE872883223B00AA82AE /* FeedImageLoaderWithFallbackCompositeTests.swift in Sources */,
				846F312328846DE70024C230 /* FeedLoaderStub.swift in Sources */,
				8400A795288742EE00EE9C46 /* FeedImageDataLoaderSpy.swift in Sources */,
				84F5FE832883126500AA82AE /* FeedLoaderWithFallbackCompositeTests.swift in Sources */,
				8400A7932887408600EE9C46 /* FeedImageDataLoaderTestCase.swift in Sources */,
				8400A791288552D400EE9C46 /* FeedImageDataLoaderCacheDecoratorTests.swift in Sources */,
				40D666FF2879546500E2151B /* EssentialAppTests.swift in Sources */,
				84F5FE8A2883229E00AA82AE /* Helpers.swift in Sources */,
				84F5FE8C288322C700AA82AE /* XCTTestCase+TrackForMemoryLeaks.swift in Sources */,
				846F312128846AA80024C230 /* FeedLoaderCacheDecoratorTests.swift in Sources */,
				4002A469289312A60052CEDB /* SceneDelegateTests.swift in Sources */,
			);
			runOnlyForDeploymentPostprocessing = 0;
		};
		8455508D2889E9820043F5FE /* Sources */ = {
			isa = PBXSourcesBuildPhase;
			buildActionMask = 2147483647;
			files = (
				845550942889E9820043F5FE /* EssentialAppUIAcceptanceTests.swift in Sources */,
			);
			runOnlyForDeploymentPostprocessing = 0;
		};
/* End PBXSourcesBuildPhase section */

/* Begin PBXTargetDependency section */
		40D666FC2879546500E2151B /* PBXTargetDependency */ = {
			isa = PBXTargetDependency;
			target = 40D666E32879546300E2151B /* EssentialApp */;
			targetProxy = 40D666FB2879546500E2151B /* PBXContainerItemProxy */;
		};
		845550982889E9820043F5FE /* PBXTargetDependency */ = {
			isa = PBXTargetDependency;
			target = 40D666E32879546300E2151B /* EssentialApp */;
			targetProxy = 845550972889E9820043F5FE /* PBXContainerItemProxy */;
		};
/* End PBXTargetDependency section */

/* Begin PBXVariantGroup section */
		40D666ED2879546300E2151B /* Main.storyboard */ = {
			isa = PBXVariantGroup;
			children = (
				40D666EE2879546300E2151B /* Base */,
			);
			name = Main.storyboard;
			sourceTree = "<group>";
		};
		40D666F22879546500E2151B /* LaunchScreen.storyboard */ = {
			isa = PBXVariantGroup;
			children = (
				40D666F32879546500E2151B /* Base */,
			);
			name = LaunchScreen.storyboard;
			sourceTree = "<group>";
		};
/* End PBXVariantGroup section */

/* Begin XCBuildConfiguration section */
		40D6670C2879546500E2151B /* Debug */ = {
			isa = XCBuildConfiguration;
			buildSettings = {
				ALWAYS_SEARCH_USER_PATHS = NO;
				CLANG_ANALYZER_NONNULL = YES;
				CLANG_ANALYZER_NUMBER_OBJECT_CONVERSION = YES_AGGRESSIVE;
				CLANG_CXX_LANGUAGE_STANDARD = "gnu++17";
				CLANG_ENABLE_MODULES = YES;
				CLANG_ENABLE_OBJC_ARC = YES;
				CLANG_ENABLE_OBJC_WEAK = YES;
				CLANG_WARN_BLOCK_CAPTURE_AUTORELEASING = YES;
				CLANG_WARN_BOOL_CONVERSION = YES;
				CLANG_WARN_COMMA = YES;
				CLANG_WARN_CONSTANT_CONVERSION = YES;
				CLANG_WARN_DEPRECATED_OBJC_IMPLEMENTATIONS = YES;
				CLANG_WARN_DIRECT_OBJC_ISA_USAGE = YES_ERROR;
				CLANG_WARN_DOCUMENTATION_COMMENTS = YES;
				CLANG_WARN_EMPTY_BODY = YES;
				CLANG_WARN_ENUM_CONVERSION = YES;
				CLANG_WARN_INFINITE_RECURSION = YES;
				CLANG_WARN_INT_CONVERSION = YES;
				CLANG_WARN_NON_LITERAL_NULL_CONVERSION = YES;
				CLANG_WARN_OBJC_IMPLICIT_RETAIN_SELF = YES;
				CLANG_WARN_OBJC_LITERAL_CONVERSION = YES;
				CLANG_WARN_OBJC_ROOT_CLASS = YES_ERROR;
				CLANG_WARN_QUOTED_INCLUDE_IN_FRAMEWORK_HEADER = YES;
				CLANG_WARN_RANGE_LOOP_ANALYSIS = YES;
				CLANG_WARN_STRICT_PROTOTYPES = YES;
				CLANG_WARN_SUSPICIOUS_MOVE = YES;
				CLANG_WARN_UNGUARDED_AVAILABILITY = YES_AGGRESSIVE;
				CLANG_WARN_UNREACHABLE_CODE = YES;
				CLANG_WARN__DUPLICATE_METHOD_MATCH = YES;
				COPY_PHASE_STRIP = NO;
				DEBUG_INFORMATION_FORMAT = dwarf;
				ENABLE_STRICT_OBJC_MSGSEND = YES;
				ENABLE_TESTABILITY = YES;
				GCC_C_LANGUAGE_STANDARD = gnu11;
				GCC_DYNAMIC_NO_PIC = NO;
				GCC_NO_COMMON_BLOCKS = YES;
				GCC_OPTIMIZATION_LEVEL = 0;
				GCC_PREPROCESSOR_DEFINITIONS = (
					"DEBUG=1",
					"$(inherited)",
				);
				GCC_WARN_64_TO_32_BIT_CONVERSION = YES;
				GCC_WARN_ABOUT_RETURN_TYPE = YES_ERROR;
				GCC_WARN_UNDECLARED_SELECTOR = YES;
				GCC_WARN_UNINITIALIZED_AUTOS = YES_AGGRESSIVE;
				GCC_WARN_UNUSED_FUNCTION = YES;
				GCC_WARN_UNUSED_VARIABLE = YES;
				IPHONEOS_DEPLOYMENT_TARGET = 14.0;
				MTL_ENABLE_DEBUG_INFO = INCLUDE_SOURCE;
				MTL_FAST_MATH = YES;
				ONLY_ACTIVE_ARCH = YES;
				SDKROOT = iphoneos;
				SWIFT_ACTIVE_COMPILATION_CONDITIONS = DEBUG;
				SWIFT_OPTIMIZATION_LEVEL = "-Onone";
			};
			name = Debug;
		};
		40D6670D2879546500E2151B /* Release */ = {
			isa = XCBuildConfiguration;
			buildSettings = {
				ALWAYS_SEARCH_USER_PATHS = NO;
				CLANG_ANALYZER_NONNULL = YES;
				CLANG_ANALYZER_NUMBER_OBJECT_CONVERSION = YES_AGGRESSIVE;
				CLANG_CXX_LANGUAGE_STANDARD = "gnu++17";
				CLANG_ENABLE_MODULES = YES;
				CLANG_ENABLE_OBJC_ARC = YES;
				CLANG_ENABLE_OBJC_WEAK = YES;
				CLANG_WARN_BLOCK_CAPTURE_AUTORELEASING = YES;
				CLANG_WARN_BOOL_CONVERSION = YES;
				CLANG_WARN_COMMA = YES;
				CLANG_WARN_CONSTANT_CONVERSION = YES;
				CLANG_WARN_DEPRECATED_OBJC_IMPLEMENTATIONS = YES;
				CLANG_WARN_DIRECT_OBJC_ISA_USAGE = YES_ERROR;
				CLANG_WARN_DOCUMENTATION_COMMENTS = YES;
				CLANG_WARN_EMPTY_BODY = YES;
				CLANG_WARN_ENUM_CONVERSION = YES;
				CLANG_WARN_INFINITE_RECURSION = YES;
				CLANG_WARN_INT_CONVERSION = YES;
				CLANG_WARN_NON_LITERAL_NULL_CONVERSION = YES;
				CLANG_WARN_OBJC_IMPLICIT_RETAIN_SELF = YES;
				CLANG_WARN_OBJC_LITERAL_CONVERSION = YES;
				CLANG_WARN_OBJC_ROOT_CLASS = YES_ERROR;
				CLANG_WARN_QUOTED_INCLUDE_IN_FRAMEWORK_HEADER = YES;
				CLANG_WARN_RANGE_LOOP_ANALYSIS = YES;
				CLANG_WARN_STRICT_PROTOTYPES = YES;
				CLANG_WARN_SUSPICIOUS_MOVE = YES;
				CLANG_WARN_UNGUARDED_AVAILABILITY = YES_AGGRESSIVE;
				CLANG_WARN_UNREACHABLE_CODE = YES;
				CLANG_WARN__DUPLICATE_METHOD_MATCH = YES;
				COPY_PHASE_STRIP = NO;
				DEBUG_INFORMATION_FORMAT = "dwarf-with-dsym";
				ENABLE_NS_ASSERTIONS = NO;
				ENABLE_STRICT_OBJC_MSGSEND = YES;
				GCC_C_LANGUAGE_STANDARD = gnu11;
				GCC_NO_COMMON_BLOCKS = YES;
				GCC_WARN_64_TO_32_BIT_CONVERSION = YES;
				GCC_WARN_ABOUT_RETURN_TYPE = YES_ERROR;
				GCC_WARN_UNDECLARED_SELECTOR = YES;
				GCC_WARN_UNINITIALIZED_AUTOS = YES_AGGRESSIVE;
				GCC_WARN_UNUSED_FUNCTION = YES;
				GCC_WARN_UNUSED_VARIABLE = YES;
				IPHONEOS_DEPLOYMENT_TARGET = 14.0;
				MTL_ENABLE_DEBUG_INFO = NO;
				MTL_FAST_MATH = YES;
				SDKROOT = iphoneos;
				SWIFT_COMPILATION_MODE = wholemodule;
				SWIFT_OPTIMIZATION_LEVEL = "-O";
				VALIDATE_PRODUCT = YES;
			};
			name = Release;
		};
		40D6670F2879546500E2151B /* Debug */ = {
			isa = XCBuildConfiguration;
			buildSettings = {
				ASSETCATALOG_COMPILER_APPICON_NAME = AppIcon;
				ASSETCATALOG_COMPILER_GLOBAL_ACCENT_COLOR_NAME = AccentColor;
				CODE_SIGN_STYLE = Automatic;
				CURRENT_PROJECT_VERSION = 1;
				DEVELOPMENT_TEAM = F562T35AEB;
				"EXCLUDED_ARCHS[sdk=*]" = arm64;
				GENERATE_INFOPLIST_FILE = YES;
				INFOPLIST_FILE = EssentialApp/Info.plist;
				INFOPLIST_KEY_UIApplicationSupportsIndirectInputEvents = YES;
				INFOPLIST_KEY_UILaunchStoryboardName = LaunchScreen;
				INFOPLIST_KEY_UIMainStoryboardFile = Main;
				INFOPLIST_KEY_UISupportedInterfaceOrientations_iPad = "UIInterfaceOrientationPortrait UIInterfaceOrientationPortraitUpsideDown UIInterfaceOrientationLandscapeLeft UIInterfaceOrientationLandscapeRight";
				INFOPLIST_KEY_UISupportedInterfaceOrientations_iPhone = "UIInterfaceOrientationPortrait UIInterfaceOrientationLandscapeLeft UIInterfaceOrientationLandscapeRight";
				LD_RUNPATH_SEARCH_PATHS = (
					"$(inherited)",
					"@executable_path/Frameworks",
				);
				MARKETING_VERSION = 1.0;
				PRODUCT_BUNDLE_IDENTIFIER = lfcj.EssentialApp;
				PRODUCT_NAME = "$(TARGET_NAME)";
				SWIFT_EMIT_LOC_STRINGS = YES;
				SWIFT_VERSION = 5.0;
				TARGETED_DEVICE_FAMILY = "1,2";
			};
			name = Debug;
		};
		40D667102879546500E2151B /* Release */ = {
			isa = XCBuildConfiguration;
			buildSettings = {
				ASSETCATALOG_COMPILER_APPICON_NAME = AppIcon;
				ASSETCATALOG_COMPILER_GLOBAL_ACCENT_COLOR_NAME = AccentColor;
				CODE_SIGN_STYLE = Automatic;
				CURRENT_PROJECT_VERSION = 1;
				DEVELOPMENT_TEAM = F562T35AEB;
				"EXCLUDED_ARCHS[sdk=*]" = arm64;
				GENERATE_INFOPLIST_FILE = YES;
				INFOPLIST_FILE = EssentialApp/Info.plist;
				INFOPLIST_KEY_UIApplicationSupportsIndirectInputEvents = YES;
				INFOPLIST_KEY_UILaunchStoryboardName = LaunchScreen;
				INFOPLIST_KEY_UIMainStoryboardFile = Main;
				INFOPLIST_KEY_UISupportedInterfaceOrientations_iPad = "UIInterfaceOrientationPortrait UIInterfaceOrientationPortraitUpsideDown UIInterfaceOrientationLandscapeLeft UIInterfaceOrientationLandscapeRight";
				INFOPLIST_KEY_UISupportedInterfaceOrientations_iPhone = "UIInterfaceOrientationPortrait UIInterfaceOrientationLandscapeLeft UIInterfaceOrientationLandscapeRight";
				LD_RUNPATH_SEARCH_PATHS = (
					"$(inherited)",
					"@executable_path/Frameworks",
				);
				MARKETING_VERSION = 1.0;
				PRODUCT_BUNDLE_IDENTIFIER = lfcj.EssentialApp;
				PRODUCT_NAME = "$(TARGET_NAME)";
				SWIFT_EMIT_LOC_STRINGS = YES;
				SWIFT_VERSION = 5.0;
				TARGETED_DEVICE_FAMILY = "1,2";
			};
			name = Release;
		};
		40D667122879546500E2151B /* Debug */ = {
			isa = XCBuildConfiguration;
			buildSettings = {
				ALWAYS_EMBED_SWIFT_STANDARD_LIBRARIES = YES;
				BUNDLE_LOADER = "$(TEST_HOST)";
				CODE_SIGN_STYLE = Automatic;
				CURRENT_PROJECT_VERSION = 1;
				DEVELOPMENT_TEAM = F562T35AEB;
				GENERATE_INFOPLIST_FILE = YES;
				IPHONEOS_DEPLOYMENT_TARGET = 14.0;
				MARKETING_VERSION = 1.0;
				PRODUCT_BUNDLE_IDENTIFIER = lfcj.EssentialAppTests;
				PRODUCT_NAME = "$(TARGET_NAME)";
				SWIFT_EMIT_LOC_STRINGS = NO;
				SWIFT_VERSION = 5.0;
				TARGETED_DEVICE_FAMILY = "1,2";
				TEST_HOST = "$(BUILT_PRODUCTS_DIR)/EssentialApp.app/EssentialApp";
			};
			name = Debug;
		};
		40D667132879546500E2151B /* Release */ = {
			isa = XCBuildConfiguration;
			buildSettings = {
				ALWAYS_EMBED_SWIFT_STANDARD_LIBRARIES = YES;
				BUNDLE_LOADER = "$(TEST_HOST)";
				CODE_SIGN_STYLE = Automatic;
				CURRENT_PROJECT_VERSION = 1;
				DEVELOPMENT_TEAM = F562T35AEB;
				GENERATE_INFOPLIST_FILE = YES;
				IPHONEOS_DEPLOYMENT_TARGET = 14.0;
				MARKETING_VERSION = 1.0;
				PRODUCT_BUNDLE_IDENTIFIER = lfcj.EssentialAppTests;
				PRODUCT_NAME = "$(TARGET_NAME)";
				SWIFT_EMIT_LOC_STRINGS = NO;
				SWIFT_VERSION = 5.0;
				TARGETED_DEVICE_FAMILY = "1,2";
				TEST_HOST = "$(BUILT_PRODUCTS_DIR)/EssentialApp.app/EssentialApp";
			};
			name = Release;
		};
		8455509A2889E9820043F5FE /* Debug */ = {
			isa = XCBuildConfiguration;
			buildSettings = {
				CLANG_CXX_LIBRARY = "libc++";
				CODE_SIGN_STYLE = Automatic;
				CURRENT_PROJECT_VERSION = 1;
				DEVELOPMENT_TEAM = G7YAMEJH7M;
				GENERATE_INFOPLIST_FILE = YES;
				IPHONEOS_DEPLOYMENT_TARGET = 15.2;
				MARKETING_VERSION = 1.0;
				PRODUCT_BUNDLE_IDENTIFIER = com.lfcj.EssentialAppUIAcceptanceTests;
				PRODUCT_NAME = "$(TARGET_NAME)";
				SWIFT_EMIT_LOC_STRINGS = NO;
				SWIFT_VERSION = 5.0;
				TARGETED_DEVICE_FAMILY = "1,2";
				TEST_TARGET_NAME = EssentialApp;
			};
			name = Debug;
		};
		8455509B2889E9820043F5FE /* Release */ = {
			isa = XCBuildConfiguration;
			buildSettings = {
				CLANG_CXX_LIBRARY = "libc++";
				CODE_SIGN_STYLE = Automatic;
				CURRENT_PROJECT_VERSION = 1;
				DEVELOPMENT_TEAM = G7YAMEJH7M;
				GENERATE_INFOPLIST_FILE = YES;
				IPHONEOS_DEPLOYMENT_TARGET = 15.2;
				MARKETING_VERSION = 1.0;
				PRODUCT_BUNDLE_IDENTIFIER = com.lfcj.EssentialAppUIAcceptanceTests;
				PRODUCT_NAME = "$(TARGET_NAME)";
				SWIFT_EMIT_LOC_STRINGS = NO;
				SWIFT_VERSION = 5.0;
				TARGETED_DEVICE_FAMILY = "1,2";
				TEST_TARGET_NAME = EssentialApp;
			};
			name = Release;
		};
/* End XCBuildConfiguration section */

/* Begin XCConfigurationList section */
		40D666DF2879546300E2151B /* Build configuration list for PBXProject "EssentialApp" */ = {
			isa = XCConfigurationList;
			buildConfigurations = (
				40D6670C2879546500E2151B /* Debug */,
				40D6670D2879546500E2151B /* Release */,
			);
			defaultConfigurationIsVisible = 0;
			defaultConfigurationName = Release;
		};
		40D6670E2879546500E2151B /* Build configuration list for PBXNativeTarget "EssentialApp" */ = {
			isa = XCConfigurationList;
			buildConfigurations = (
				40D6670F2879546500E2151B /* Debug */,
				40D667102879546500E2151B /* Release */,
			);
			defaultConfigurationIsVisible = 0;
			defaultConfigurationName = Release;
		};
		40D667112879546500E2151B /* Build configuration list for PBXNativeTarget "EssentialAppTests" */ = {
			isa = XCConfigurationList;
			buildConfigurations = (
				40D667122879546500E2151B /* Debug */,
				40D667132879546500E2151B /* Release */,
			);
			defaultConfigurationIsVisible = 0;
			defaultConfigurationName = Release;
		};
		845550992889E9820043F5FE /* Build configuration list for PBXNativeTarget "EssentialAppUIAcceptanceTests" */ = {
			isa = XCConfigurationList;
			buildConfigurations = (
				8455509A2889E9820043F5FE /* Debug */,
				8455509B2889E9820043F5FE /* Release */,
			);
			defaultConfigurationIsVisible = 0;
			defaultConfigurationName = Release;
		};
/* End XCConfigurationList section */
	};
	rootObject = 40D666DC2879546300E2151B /* Project object */;
}
